
Microsoft Visual Studio Solution File, Format Version 12.00
# Visual Studio Version 16
VisualStudioVersion = 16.0.30225.117
MinimumVisualStudioVersion = 10.0.40219.1
Project("{FAE04EC0-301F-11D3-BF4B-00C04F79EFBC}") = "VinylStore", "VinylStore\VinylStore.csproj", "{E5BC4F46-B859-4618-998C-1061A741FC12}"
EndProject
Global
	GlobalSection(SolutionConfigurationPlatforms) = preSolution
		Debug|Any CPU = Debug|Any CPU
		Release|Any CPU = Release|Any CPU
	EndGlobalSection
	GlobalSection(ProjectConfigurationPlatforms) = postSolution
		{E5BC4F46-B859-4618-998C-1061A741FC12}.Debug|Any CPU.ActiveCfg = Debug|Any CPU
		{E5BC4F46-B859-4618-998C-1061A741FC12}.Debug|Any CPU.Build.0 = Debug|Any CPU
		{E5BC4F46-B859-4618-998C-1061A741FC12}.Release|Any CPU.ActiveCfg = Release|Any CPU
		{E5BC4F46-B859-4618-998C-1061A741FC12}.Release|Any CPU.Build.0 = Release|Any CPU
	EndGlobalSection
	GlobalSection(SolutionProperties) = preSolution
		HideSolutionNode = FALSE
	EndGlobalSection
	GlobalSection(ExtensibilityGlobals) = postSolution
		SolutionGuid = {2420FF0C-F3B4-4AB3-86CA-9791DBDBB25E}
	EndGlobalSection
EndGlobal
